
Microsoft Visual Studio Solution File, Format Version 12.00
# Visual Studio 15
VisualStudioVersion = 15.0.33801.198
MinimumVisualStudioVersion = 10.0.40219.1
Project("{F184B08F-C81C-45F6-A57F-5ABD9991F28F}") = "m2i_Blood", "m2i_Blood\m2i_Blood.vbproj", "{5A7BCC72-CB66-42E5-98A6-13E4A5BA6450}"
EndProject
Global
	GlobalSection(SolutionConfigurationPlatforms) = preSolution
		Debug|Any CPU = Debug|Any CPU
		Release|Any CPU = Release|Any CPU
	EndGlobalSection
	GlobalSection(ProjectConfigurationPlatforms) = postSolution
		{5A7BCC72-CB66-42E5-98A6-13E4A5BA6450}.Debug|Any CPU.ActiveCfg = Debug|Any CPU
		{5A7BCC72-CB66-42E5-98A6-13E4A5BA6450}.Debug|Any CPU.Build.0 = Debug|Any CPU
		{5A7BCC72-CB66-42E5-98A6-13E4A5BA6450}.Release|Any CPU.ActiveCfg = Release|Any CPU
		{5A7BCC72-CB66-42E5-98A6-13E4A5BA6450}.Release|Any CPU.Build.0 = Release|Any CPU
	EndGlobalSection
	GlobalSection(SolutionProperties) = preSolution
		HideSolutionNode = FALSE
	EndGlobalSection
	GlobalSection(ExtensibilityGlobals) = postSolution
		SolutionGuid = {F152105F-0F99-46B3-A37B-2CC310AE035A}
	EndGlobalSection
EndGlobal
